
Microsoft Visual Studio Solution File, Format Version 12.00
Project("{FAE04EC0-301F-11D3-BF4B-00C04F79EFBC}") = "WorkingWithSasha", "WorkingWithSasha\WorkingWithSasha.csproj", "{230BF683-7494-469B-A235-0D8BA2E8525B}"
EndProject
Global
	GlobalSection(SolutionConfigurationPlatforms) = preSolution
		Debug|Any CPU = Debug|Any CPU
		Release|Any CPU = Release|Any CPU
	EndGlobalSection
	GlobalSection(ProjectConfigurationPlatforms) = postSolution
		{230BF683-7494-469B-A235-0D8BA2E8525B}.Debug|Any CPU.ActiveCfg = Debug|Any CPU
		{230BF683-7494-469B-A235-0D8BA2E8525B}.Debug|Any CPU.Build.0 = Debug|Any CPU
		{230BF683-7494-469B-A235-0D8BA2E8525B}.Release|Any CPU.ActiveCfg = Release|Any CPU
		{230BF683-7494-469B-A235-0D8BA2E8525B}.Release|Any CPU.Build.0 = Release|Any CPU
	EndGlobalSection
EndGlobal
